
Microsoft Visual Studio Solution File, Format Version 12.00
# Visual Studio 15
VisualStudioVersion = 15.0.27130.2010
MinimumVisualStudioVersion = 10.0.40219.1
Project("{FAE04EC0-301F-11D3-BF4B-00C04F79EFBC}") = "PruebaJavierFlorian.Web", "PruebaJavierFlorian.Web\PruebaJavierFlorian.Web.csproj", "{7F55E405-8F01-48FC-8186-26D73CFBC34A}"
EndProject
Project("{FAE04EC0-301F-11D3-BF4B-00C04F79EFBC}") = "PruebaJavierFlorian.Web.Tests", "PruebaJavierFlorian.Web.Tests\PruebaJavierFlorian.Web.Tests.csproj", "{3AE480A3-AB29-4EFA-B350-19E2BD990EDE}"
EndProject
Project("{FAE04EC0-301F-11D3-BF4B-00C04F79EFBC}") = "Entities", "Entities\Entities.csproj", "{1BC58E70-8CA0-438E-8E10-4BCFAF7393FD}"
EndProject
Global
	GlobalSection(SolutionConfigurationPlatforms) = preSolution
		Debug|Any CPU = Debug|Any CPU
		Release|Any CPU = Release|Any CPU
	EndGlobalSection
	GlobalSection(ProjectConfigurationPlatforms) = postSolution
		{7F55E405-8F01-48FC-8186-26D73CFBC34A}.Debug|Any CPU.ActiveCfg = Debug|Any CPU
		{7F55E405-8F01-48FC-8186-26D73CFBC34A}.Debug|Any CPU.Build.0 = Debug|Any CPU
		{7F55E405-8F01-48FC-8186-26D73CFBC34A}.Release|Any CPU.ActiveCfg = Release|Any CPU
		{7F55E405-8F01-48FC-8186-26D73CFBC34A}.Release|Any CPU.Build.0 = Release|Any CPU
		{3AE480A3-AB29-4EFA-B350-19E2BD990EDE}.Debug|Any CPU.ActiveCfg = Debug|Any CPU
		{3AE480A3-AB29-4EFA-B350-19E2BD990EDE}.Debug|Any CPU.Build.0 = Debug|Any CPU
		{3AE480A3-AB29-4EFA-B350-19E2BD990EDE}.Release|Any CPU.ActiveCfg = Release|Any CPU
		{3AE480A3-AB29-4EFA-B350-19E2BD990EDE}.Release|Any CPU.Build.0 = Release|Any CPU
		{1BC58E70-8CA0-438E-8E10-4BCFAF7393FD}.Debug|Any CPU.ActiveCfg = Debug|Any CPU
		{1BC58E70-8CA0-438E-8E10-4BCFAF7393FD}.Debug|Any CPU.Build.0 = Debug|Any CPU
		{1BC58E70-8CA0-438E-8E10-4BCFAF7393FD}.Release|Any CPU.ActiveCfg = Release|Any CPU
		{1BC58E70-8CA0-438E-8E10-4BCFAF7393FD}.Release|Any CPU.Build.0 = Release|Any CPU
	EndGlobalSection
	GlobalSection(SolutionProperties) = preSolution
		HideSolutionNode = FALSE
	EndGlobalSection
	GlobalSection(ExtensibilityGlobals) = postSolution
		SolutionGuid = {B6B09028-DA45-4D79-9F6C-C30D5BEDFFE3}
	EndGlobalSection
EndGlobal
